
Microsoft Visual Studio Solution File, Format Version 12.00
# Visual Studio 2012
Project("{FAE04EC0-301F-11D3-BF4B-00C04F79EFBC}") = "OTP Tool", "OTP_Tool\OTP Tool.csproj", "{6BB752B6-7DAD-4FD9-B044-59C6E8A6F0F7}"
EndProject
Project("{FAE04EC0-301F-11D3-BF4B-00C04F79EFBC}") = "OTP_Locker", "OTP_Locker\OTP_Locker.csproj", "{77DAAB54-E7DA-4DB4-9BE5-B8B0C9246AC8}"
EndProject
Project("{FAE04EC0-301F-11D3-BF4B-00C04F79EFBC}") = "OTPHelpers", "OTPHelpers\OTPHelpers.csproj", "{3E7E2B78-0F38-4D27-B338-59EB7563C690}"
EndProject
Global
	GlobalSection(SolutionConfigurationPlatforms) = preSolution
		Debug|Any CPU = Debug|Any CPU
		Release|Any CPU = Release|Any CPU
	EndGlobalSection
	GlobalSection(ProjectConfigurationPlatforms) = postSolution
		{6BB752B6-7DAD-4FD9-B044-59C6E8A6F0F7}.Debug|Any CPU.ActiveCfg = Debug|Any CPU
		{6BB752B6-7DAD-4FD9-B044-59C6E8A6F0F7}.Debug|Any CPU.Build.0 = Debug|Any CPU
		{6BB752B6-7DAD-4FD9-B044-59C6E8A6F0F7}.Release|Any CPU.ActiveCfg = Release|Any CPU
		{6BB752B6-7DAD-4FD9-B044-59C6E8A6F0F7}.Release|Any CPU.Build.0 = Release|Any CPU
		{77DAAB54-E7DA-4DB4-9BE5-B8B0C9246AC8}.Debug|Any CPU.ActiveCfg = Debug|Any CPU
		{77DAAB54-E7DA-4DB4-9BE5-B8B0C9246AC8}.Debug|Any CPU.Build.0 = Debug|Any CPU
		{77DAAB54-E7DA-4DB4-9BE5-B8B0C9246AC8}.Release|Any CPU.ActiveCfg = Release|Any CPU
		{77DAAB54-E7DA-4DB4-9BE5-B8B0C9246AC8}.Release|Any CPU.Build.0 = Release|Any CPU
		{3E7E2B78-0F38-4D27-B338-59EB7563C690}.Debug|Any CPU.ActiveCfg = Debug|Any CPU
		{3E7E2B78-0F38-4D27-B338-59EB7563C690}.Debug|Any CPU.Build.0 = Debug|Any CPU
		{3E7E2B78-0F38-4D27-B338-59EB7563C690}.Release|Any CPU.ActiveCfg = Release|Any CPU
		{3E7E2B78-0F38-4D27-B338-59EB7563C690}.Release|Any CPU.Build.0 = Release|Any CPU
	EndGlobalSection
	GlobalSection(SolutionProperties) = preSolution
		HideSolutionNode = FALSE
	EndGlobalSection
EndGlobal
